# THIS IS AN AUTOGENERATED FILE. DO NOT EDIT THIS FILE DIRECTLY.
# yarn lockfile v1


tiny-lru@^6.0.1:
  version "6.0.1"
  resolved "https://registry.yarnpkg.com/tiny-lru/-/tiny-lru-6.0.1.tgz#558bd6b7232b8b9dfa482147539676fdd75a3a07"
  integrity sha512-k/vdHz+bFALjmik0URLWBYNuO0hCABTL5dullbZBXvFDdlL8RrKaeLR6YuHfX+6ZXOLkHw+HpNLCUA7DtLMQmg==
